github.com/google/vectorio v0.0.0-20160107201919-f555dd215279 h1:27CsgDou3Kqs/KRA2mjg78FceTTuKhVpF2mJNdL2qt8=
github.com/google/vectorio v0.0.0-20160107201919-f555dd215279/go.mod h1:4HpdkvR1ff869/vF28cUQKZYYk1K2HzEpOssA95dsOM=
github.com/jbrindle/vectorio v0.0.0-20190611194731-b7a45b49d5c1 h1:owQGRw8GcPUWbsRPUmcg8dEa8Lt1sFIflXDPmlmWu+I=
github.com/jbrindle/vectorio v0.0.0-20190611194731-b7a45b49d5c1/go.mod h1:ZTxd7v9+GZeyYHMLdHntlsky0vQJmmbD1xgKXoWU4nQ=
